PODS:
  - FlexibleTimePicker (0.1.0)

DEPENDENCIES:
  - FlexibleTimePicker (from `../`)

EXTERNAL SOURCES:
  FlexibleTimePicker:
    :path: ../

SPEC CHECKSUMS:
  FlexibleTimePicker: 12460971d4602abf00bbc1804540befedac2af6c

PODFILE CHECKSUM: 8237daacd174352ebdbba3ec4b9eae5fb3c67f44

COCOAPODS: 1.3.1
